
Microsoft Visual Studio Solution File, Format Version 12.00
# Visual Studio Version 17
VisualStudioVersion = 17.1.32414.318
MinimumVisualStudioVersion = 10.0.40219.1
Project("{9A19103F-16F7-4668-BE54-9A1E7A4F7556}") = "PM", "PM\PM.csproj", "{82320B10-A6EE-4372-A0AB-584356495265}"
EndProject
Project("{9A19103F-16F7-4668-BE54-9A1E7A4F7556}") = "PM.DAL", "PM.DAL\PM.DAL.csproj", "{46623FE0-98F9-4000-852B-5193E96E31EF}"
EndProject
Project("{2150E333-8FDC-42A3-9474-1A3956D46DE8}") = "DataBase", "DataBase", "{326F0C1D-C086-45C5-B998-A76919B827BC}"
EndProject
Project("{9A19103F-16F7-4668-BE54-9A1E7A4F7556}") = "PM.BLL", "PM.BLL\PM.BLL.csproj", "{EC4856FB-39EF-4D9E-8CD0-7F1DC5844882}"
EndProject
Project("{9A19103F-16F7-4668-BE54-9A1E7A4F7556}") = "PM.Tauras6L", "PM.Tauras6L\PM.Tauras6L.csproj", "{BF4D8D5A-9802-4710-A5CB-0F64502055EE}"
EndProject
Project("{9A19103F-16F7-4668-BE54-9A1E7A4F7556}") = "PM.Formats", "PM.Formats\PM.Formats.csproj", "{FA3A9160-2FDF-43D9-A0B6-FC3864B3A956}"
EndProject
Project("{2150E333-8FDC-42A3-9474-1A3956D46DE8}") = "Tools", "Tools", "{1F166447-16D0-4349-A484-5A3E30A135F6}"
EndProject
Project("{9A19103F-16F7-4668-BE54-9A1E7A4F7556}") = "PM.Protocols", "PM.Protocols\PM.Protocols.csproj", "{9D9F9CF3-CB64-45E3-91A3-6D63E7D36777}"
EndProject
Project("{9A19103F-16F7-4668-BE54-9A1E7A4F7556}") = "PM.Tauras4L", "PM.Tauras4L\PM.Tauras4L.csproj", "{099D01F5-FCE7-4ECF-B342-190A13C3E881}"
EndProject
Project("{9A19103F-16F7-4668-BE54-9A1E7A4F7556}") = "PM.Mixter", "PM.Mixter\PM.Mixter.csproj", "{F1CEE5E6-4BAB-4A58-BB1A-4DB2F618E45A}"
EndProject
Project("{9A19103F-16F7-4668-BE54-9A1E7A4F7556}") = "PM.Tauras6L.Emulator", "PM.Tauras6L.Emulator\PM.Tauras6L.Emulator.csproj", "{FBD84EB8-18AA-4C29-A659-56049EB34EBA}"
EndProject
Project("{9A19103F-16F7-4668-BE54-9A1E7A4F7556}") = "PM.Tauras4LSimulator", "PM.4LSimulator\PM.Tauras4LSimulator.csproj", "{2E980656-D377-41EF-BB58-259E28F5C918}"
EndProject
Project("{9A19103F-16F7-4668-BE54-9A1E7A4F7556}") = "PM.Trepko", "PM.Trepko\PM.Trepko.csproj", "{6060CA3D-F4C8-4483-9F6B-6F92AB369CD9}"
EndProject
Project("{54435603-DBB4-11D2-8724-00A0C9A8B90C}") = "Trepko Handler", "Trepko Handler\Trepko Handler.vdproj", "{B5BAAA86-C612-4BC3-B3FF-7D3DA85DDB76}"
EndProject
Project("{54435603-DBB4-11D2-8724-00A0C9A8B90C}") = "Taurus6l Handler", "Taurus6l Handler\Taurus6l Handler.vdproj", "{75689B5D-2830-40BA-A477-0CA4659C75D0}"
EndProject
Project("{54435603-DBB4-11D2-8724-00A0C9A8B90C}") = "MIxter Handler", "MIxter Handler\MIxter Handler.vdproj", "{D6AA0401-3838-47A9-BB2D-57C92B454301}"
EndProject
Project("{54435603-DBB4-11D2-8724-00A0C9A8B90C}") = "Taurus4l Handler", "Taurus4l Handler\Taurus4l Handler.vdproj", "{6AFDB550-81D6-47E6-9F32-48D1238D0859}"
EndProject
Global
	GlobalSection(SolutionConfigurationPlatforms) = preSolution
		Debug|Any CPU = Debug|Any CPU
		Debug|x64 = Debug|x64
		Release|Any CPU = Release|Any CPU
		Release|x64 = Release|x64
	EndGlobalSection
	GlobalSection(ProjectConfigurationPlatforms) = postSolution
		{82320B10-A6EE-4372-A0AB-584356495265}.Debug|Any CPU.ActiveCfg = Debug|Any CPU
		{82320B10-A6EE-4372-A0AB-584356495265}.Debug|Any CPU.Build.0 = Debug|Any CPU
		{82320B10-A6EE-4372-A0AB-584356495265}.Debug|x64.ActiveCfg = Debug|x64
		{82320B10-A6EE-4372-A0AB-584356495265}.Debug|x64.Build.0 = Debug|x64
		{82320B10-A6EE-4372-A0AB-584356495265}.Release|Any CPU.ActiveCfg = Release|Any CPU
		{82320B10-A6EE-4372-A0AB-584356495265}.Release|Any CPU.Build.0 = Release|Any CPU
		{82320B10-A6EE-4372-A0AB-584356495265}.Release|x64.ActiveCfg = Release|x64
		{82320B10-A6EE-4372-A0AB-584356495265}.Release|x64.Build.0 = Release|x64
		{46623FE0-98F9-4000-852B-5193E96E31EF}.Debug|Any CPU.ActiveCfg = Debug|Any CPU
		{46623FE0-98F9-4000-852B-5193E96E31EF}.Debug|Any CPU.Build.0 = Debug|Any CPU
		{46623FE0-98F9-4000-852B-5193E96E31EF}.Debug|x64.ActiveCfg = Debug|x64
		{46623FE0-98F9-4000-852B-5193E96E31EF}.Debug|x64.Build.0 = Debug|x64
		{46623FE0-98F9-4000-852B-5193E96E31EF}.Release|Any CPU.ActiveCfg = Release|Any CPU
		{46623FE0-98F9-4000-852B-5193E96E31EF}.Release|Any CPU.Build.0 = Release|Any CPU
		{46623FE0-98F9-4000-852B-5193E96E31EF}.Release|x64.ActiveCfg = Release|x64
		{46623FE0-98F9-4000-852B-5193E96E31EF}.Release|x64.Build.0 = Release|x64
		{EC4856FB-39EF-4D9E-8CD0-7F1DC5844882}.Debug|Any CPU.ActiveCfg = Debug|Any CPU
		{EC4856FB-39EF-4D9E-8CD0-7F1DC5844882}.Debug|Any CPU.Build.0 = Debug|Any CPU
		{EC4856FB-39EF-4D9E-8CD0-7F1DC5844882}.Debug|x64.ActiveCfg = Debug|x64
		{EC4856FB-39EF-4D9E-8CD0-7F1DC5844882}.Debug|x64.Build.0 = Debug|x64
		{EC4856FB-39EF-4D9E-8CD0-7F1DC5844882}.Release|Any CPU.ActiveCfg = Release|Any CPU
		{EC4856FB-39EF-4D9E-8CD0-7F1DC5844882}.Release|Any CPU.Build.0 = Release|Any CPU
		{EC4856FB-39EF-4D9E-8CD0-7F1DC5844882}.Release|x64.ActiveCfg = Release|x64
		{EC4856FB-39EF-4D9E-8CD0-7F1DC5844882}.Release|x64.Build.0 = Release|x64
		{BF4D8D5A-9802-4710-A5CB-0F64502055EE}.Debug|Any CPU.ActiveCfg = Debug|Any CPU
		{BF4D8D5A-9802-4710-A5CB-0F64502055EE}.Debug|Any CPU.Build.0 = Debug|Any CPU
		{BF4D8D5A-9802-4710-A5CB-0F64502055EE}.Debug|x64.ActiveCfg = Debug|x64
		{BF4D8D5A-9802-4710-A5CB-0F64502055EE}.Debug|x64.Build.0 = Debug|x64
		{BF4D8D5A-9802-4710-A5CB-0F64502055EE}.Release|Any CPU.ActiveCfg = Release|Any CPU
		{BF4D8D5A-9802-4710-A5CB-0F64502055EE}.Release|Any CPU.Build.0 = Release|Any CPU
		{BF4D8D5A-9802-4710-A5CB-0F64502055EE}.Release|x64.ActiveCfg = Release|x64
		{BF4D8D5A-9802-4710-A5CB-0F64502055EE}.Release|x64.Build.0 = Release|x64
		{FA3A9160-2FDF-43D9-A0B6-FC3864B3A956}.Debug|Any CPU.ActiveCfg = Debug|Any CPU
		{FA3A9160-2FDF-43D9-A0B6-FC3864B3A956}.Debug|Any CPU.Build.0 = Debug|Any CPU
		{FA3A9160-2FDF-43D9-A0B6-FC3864B3A956}.Debug|x64.ActiveCfg = Debug|x64
		{FA3A9160-2FDF-43D9-A0B6-FC3864B3A956}.Debug|x64.Build.0 = Debug|x64
		{FA3A9160-2FDF-43D9-A0B6-FC3864B3A956}.Release|Any CPU.ActiveCfg = Release|Any CPU
		{FA3A9160-2FDF-43D9-A0B6-FC3864B3A956}.Release|Any CPU.Build.0 = Release|Any CPU
		{FA3A9160-2FDF-43D9-A0B6-FC3864B3A956}.Release|x64.ActiveCfg = Release|x64
		{FA3A9160-2FDF-43D9-A0B6-FC3864B3A956}.Release|x64.Build.0 = Release|x64
		{9D9F9CF3-CB64-45E3-91A3-6D63E7D36777}.Debug|Any CPU.ActiveCfg = Debug|Any CPU
		{9D9F9CF3-CB64-45E3-91A3-6D63E7D36777}.Debug|Any CPU.Build.0 = Debug|Any CPU
		{9D9F9CF3-CB64-45E3-91A3-6D63E7D36777}.Debug|x64.ActiveCfg = Debug|x64
		{9D9F9CF3-CB64-45E3-91A3-6D63E7D36777}.Debug|x64.Build.0 = Debug|x64
		{9D9F9CF3-CB64-45E3-91A3-6D63E7D36777}.Release|Any CPU.ActiveCfg = Release|Any CPU
		{9D9F9CF3-CB64-45E3-91A3-6D63E7D36777}.Release|Any CPU.Build.0 = Release|Any CPU
		{9D9F9CF3-CB64-45E3-91A3-6D63E7D36777}.Release|x64.ActiveCfg = Release|x64
		{9D9F9CF3-CB64-45E3-91A3-6D63E7D36777}.Release|x64.Build.0 = Release|x64
		{099D01F5-FCE7-4ECF-B342-190A13C3E881}.Debug|Any CPU.ActiveCfg = Debug|Any CPU
		{099D01F5-FCE7-4ECF-B342-190A13C3E881}.Debug|Any CPU.Build.0 = Debug|Any CPU
		{099D01F5-FCE7-4ECF-B342-190A13C3E881}.Debug|x64.ActiveCfg = Debug|x64
		{099D01F5-FCE7-4ECF-B342-190A13C3E881}.Debug|x64.Build.0 = Debug|x64
		{099D01F5-FCE7-4ECF-B342-190A13C3E881}.Release|Any CPU.ActiveCfg = Release|Any CPU
		{099D01F5-FCE7-4ECF-B342-190A13C3E881}.Release|Any CPU.Build.0 = Release|Any CPU
		{099D01F5-FCE7-4ECF-B342-190A13C3E881}.Release|x64.ActiveCfg = Release|x64
		{099D01F5-FCE7-4ECF-B342-190A13C3E881}.Release|x64.Build.0 = Release|x64
		{F1CEE5E6-4BAB-4A58-BB1A-4DB2F618E45A}.Debug|Any CPU.ActiveCfg = Debug|Any CPU
		{F1CEE5E6-4BAB-4A58-BB1A-4DB2F618E45A}.Debug|Any CPU.Build.0 = Debug|Any CPU
		{F1CEE5E6-4BAB-4A58-BB1A-4DB2F618E45A}.Debug|x64.ActiveCfg = Debug|x64
		{F1CEE5E6-4BAB-4A58-BB1A-4DB2F618E45A}.Debug|x64.Build.0 = Debug|x64
		{F1CEE5E6-4BAB-4A58-BB1A-4DB2F618E45A}.Release|Any CPU.ActiveCfg = Release|Any CPU
		{F1CEE5E6-4BAB-4A58-BB1A-4DB2F618E45A}.Release|Any CPU.Build.0 = Release|Any CPU
		{F1CEE5E6-4BAB-4A58-BB1A-4DB2F618E45A}.Release|x64.ActiveCfg = Release|x64
		{F1CEE5E6-4BAB-4A58-BB1A-4DB2F618E45A}.Release|x64.Build.0 = Release|x64
		{FBD84EB8-18AA-4C29-A659-56049EB34EBA}.Debug|Any CPU.ActiveCfg = Debug|Any CPU
		{FBD84EB8-18AA-4C29-A659-56049EB34EBA}.Debug|Any CPU.Build.0 = Debug|Any CPU
		{FBD84EB8-18AA-4C29-A659-56049EB34EBA}.Debug|x64.ActiveCfg = Debug|x64
		{FBD84EB8-18AA-4C29-A659-56049EB34EBA}.Debug|x64.Build.0 = Debug|x64
		{FBD84EB8-18AA-4C29-A659-56049EB34EBA}.Release|Any CPU.ActiveCfg = Release|Any CPU
		{FBD84EB8-18AA-4C29-A659-56049EB34EBA}.Release|Any CPU.Build.0 = Release|Any CPU
		{FBD84EB8-18AA-4C29-A659-56049EB34EBA}.Release|x64.ActiveCfg = Release|x64
		{FBD84EB8-18AA-4C29-A659-56049EB34EBA}.Release|x64.Build.0 = Release|x64
		{2E980656-D377-41EF-BB58-259E28F5C918}.Debug|Any CPU.ActiveCfg = Debug|Any CPU
		{2E980656-D377-41EF-BB58-259E28F5C918}.Debug|Any CPU.Build.0 = Debug|Any CPU
		{2E980656-D377-41EF-BB58-259E28F5C918}.Debug|x64.ActiveCfg = Debug|x64
		{2E980656-D377-41EF-BB58-259E28F5C918}.Debug|x64.Build.0 = Debug|x64
		{2E980656-D377-41EF-BB58-259E28F5C918}.Release|Any CPU.ActiveCfg = Release|Any CPU
		{2E980656-D377-41EF-BB58-259E28F5C918}.Release|Any CPU.Build.0 = Release|Any CPU
		{2E980656-D377-41EF-BB58-259E28F5C918}.Release|x64.ActiveCfg = Release|x64
		{2E980656-D377-41EF-BB58-259E28F5C918}.Release|x64.Build.0 = Release|x64
		{6060CA3D-F4C8-4483-9F6B-6F92AB369CD9}.Debug|Any CPU.ActiveCfg = Debug|Any CPU
		{6060CA3D-F4C8-4483-9F6B-6F92AB369CD9}.Debug|Any CPU.Build.0 = Debug|Any CPU
		{6060CA3D-F4C8-4483-9F6B-6F92AB369CD9}.Debug|x64.ActiveCfg = Debug|x64
		{6060CA3D-F4C8-4483-9F6B-6F92AB369CD9}.Debug|x64.Build.0 = Debug|x64
		{6060CA3D-F4C8-4483-9F6B-6F92AB369CD9}.Release|Any CPU.ActiveCfg = Release|Any CPU
		{6060CA3D-F4C8-4483-9F6B-6F92AB369CD9}.Release|Any CPU.Build.0 = Release|Any CPU
		{6060CA3D-F4C8-4483-9F6B-6F92AB369CD9}.Release|x64.ActiveCfg = Release|x64
		{6060CA3D-F4C8-4483-9F6B-6F92AB369CD9}.Release|x64.Build.0 = Release|x64
		{B5BAAA86-C612-4BC3-B3FF-7D3DA85DDB76}.Debug|Any CPU.ActiveCfg = Debug
		{B5BAAA86-C612-4BC3-B3FF-7D3DA85DDB76}.Debug|x64.ActiveCfg = Debug
		{B5BAAA86-C612-4BC3-B3FF-7D3DA85DDB76}.Debug|x64.Build.0 = Debug
		{B5BAAA86-C612-4BC3-B3FF-7D3DA85DDB76}.Release|Any CPU.ActiveCfg = Release
		{B5BAAA86-C612-4BC3-B3FF-7D3DA85DDB76}.Release|x64.ActiveCfg = Release
		{B5BAAA86-C612-4BC3-B3FF-7D3DA85DDB76}.Release|x64.Build.0 = Release
		{75689B5D-2830-40BA-A477-0CA4659C75D0}.Debug|Any CPU.ActiveCfg = Debug
		{75689B5D-2830-40BA-A477-0CA4659C75D0}.Debug|x64.ActiveCfg = Debug
		{75689B5D-2830-40BA-A477-0CA4659C75D0}.Debug|x64.Build.0 = Debug
		{75689B5D-2830-40BA-A477-0CA4659C75D0}.Release|Any CPU.ActiveCfg = Release
		{75689B5D-2830-40BA-A477-0CA4659C75D0}.Release|x64.ActiveCfg = Release
		{75689B5D-2830-40BA-A477-0CA4659C75D0}.Release|x64.Build.0 = Release
		{D6AA0401-3838-47A9-BB2D-57C92B454301}.Debug|Any CPU.ActiveCfg = Debug
		{D6AA0401-3838-47A9-BB2D-57C92B454301}.Debug|x64.ActiveCfg = Debug
		{D6AA0401-3838-47A9-BB2D-57C92B454301}.Release|Any CPU.ActiveCfg = Release
		{D6AA0401-3838-47A9-BB2D-57C92B454301}.Release|x64.ActiveCfg = Release
		{6AFDB550-81D6-47E6-9F32-48D1238D0859}.Debug|Any CPU.ActiveCfg = Debug
		{6AFDB550-81D6-47E6-9F32-48D1238D0859}.Debug|x64.ActiveCfg = Debug
		{6AFDB550-81D6-47E6-9F32-48D1238D0859}.Release|Any CPU.ActiveCfg = Release
		{6AFDB550-81D6-47E6-9F32-48D1238D0859}.Release|x64.ActiveCfg = Release
	EndGlobalSection
	GlobalSection(SolutionProperties) = preSolution
		HideSolutionNode = FALSE
	EndGlobalSection
	GlobalSection(NestedProjects) = preSolution
		{46623FE0-98F9-4000-852B-5193E96E31EF} = {326F0C1D-C086-45C5-B998-A76919B827BC}
		{EC4856FB-39EF-4D9E-8CD0-7F1DC5844882} = {326F0C1D-C086-45C5-B998-A76919B827BC}
		{FA3A9160-2FDF-43D9-A0B6-FC3864B3A956} = {1F166447-16D0-4349-A484-5A3E30A135F6}
		{9D9F9CF3-CB64-45E3-91A3-6D63E7D36777} = {1F166447-16D0-4349-A484-5A3E30A135F6}
	EndGlobalSection
	GlobalSection(ExtensibilityGlobals) = postSolution
		SolutionGuid = {A336BD7A-9CFE-4CC2-983F-6163F066A328}
	EndGlobalSection
EndGlobal
